
Microsoft Visual Studio Solution File, Format Version 12.00
# Visual Studio Version 17
VisualStudioVersion = 17.0.32112.339
MinimumVisualStudioVersion = 10.0.40219.1
Project("{FAE04EC0-301F-11D3-BF4B-00C04F79EFBC}") = "Lab 4", "Lab 4\Lab 4.csproj", "{FCE322EC-A70C-49C6-91CF-A3A689B4854F}"
EndProject
Global
	GlobalSection(SolutionConfigurationPlatforms) = preSolution
		Debug|Any CPU = Debug|Any CPU
		Release|Any CPU = Release|Any CPU
	EndGlobalSection
	GlobalSection(ProjectConfigurationPlatforms) = postSolution
		{FCE322EC-A70C-49C6-91CF-A3A689B4854F}.Debug|Any CPU.ActiveCfg = Debug|Any CPU
		{FCE322EC-A70C-49C6-91CF-A3A689B4854F}.Debug|Any CPU.Build.0 = Debug|Any CPU
		{FCE322EC-A70C-49C6-91CF-A3A689B4854F}.Release|Any CPU.ActiveCfg = Release|Any CPU
		{FCE322EC-A70C-49C6-91CF-A3A689B4854F}.Release|Any CPU.Build.0 = Release|Any CPU
	EndGlobalSection
	GlobalSection(SolutionProperties) = preSolution
		HideSolutionNode = FALSE
	EndGlobalSection
	GlobalSection(ExtensibilityGlobals) = postSolution
		SolutionGuid = {BD532A6A-CE3D-4761-95A9-138348DF43DF}
	EndGlobalSection
EndGlobal
